
Microsoft Visual Studio Solution File, Format Version 12.00
# Visual Studio Version 16
VisualStudioVersion = 16.0.31205.134
MinimumVisualStudioVersion = 10.0.40219.1
Project("{FAE04EC0-301F-11D3-BF4B-00C04F79EFBC}") = "RTMP_JUNHYEOK", "RTMP_JUNHYEOK\RTMP_JUNHYEOK.csproj", "{CDCB6869-5305-4643-BE7F-4B414011A2A6}"
EndProject
Global
	GlobalSection(SolutionConfigurationPlatforms) = preSolution
		Debug|Any CPU = Debug|Any CPU
		Release|Any CPU = Release|Any CPU
	EndGlobalSection
	GlobalSection(ProjectConfigurationPlatforms) = postSolution
		{CDCB6869-5305-4643-BE7F-4B414011A2A6}.Debug|Any CPU.ActiveCfg = Debug|Any CPU
		{CDCB6869-5305-4643-BE7F-4B414011A2A6}.Debug|Any CPU.Build.0 = Debug|Any CPU
		{CDCB6869-5305-4643-BE7F-4B414011A2A6}.Release|Any CPU.ActiveCfg = Release|Any CPU
		{CDCB6869-5305-4643-BE7F-4B414011A2A6}.Release|Any CPU.Build.0 = Release|Any CPU
	EndGlobalSection
	GlobalSection(SolutionProperties) = preSolution
		HideSolutionNode = FALSE
	EndGlobalSection
	GlobalSection(ExtensibilityGlobals) = postSolution
		SolutionGuid = {E9736189-9184-421B-AFCC-A257E58C5442}
	EndGlobalSection
EndGlobal
